
Microsoft Visual Studio Solution File, Format Version 12.00
# Visual Studio 15
VisualStudioVersion = 15.0.28010.2041
MinimumVisualStudioVersion = 10.0.40219.1
Project("{FAE04EC0-301F-11D3-BF4B-00C04F79EFBC}") = "WebApplication2", "WebApplication2\WebApplication2.csproj", "{CB9984DB-539B-42B2-87B3-1439DD8A6CF0}"
EndProject
Global
	GlobalSection(SolutionConfigurationPlatforms) = preSolution
		Debug|Any CPU = Debug|Any CPU
		Release|Any CPU = Release|Any CPU
	EndGlobalSection
	GlobalSection(ProjectConfigurationPlatforms) = postSolution
		{CB9984DB-539B-42B2-87B3-1439DD8A6CF0}.Debug|Any CPU.ActiveCfg = Debug|Any CPU
		{CB9984DB-539B-42B2-87B3-1439DD8A6CF0}.Debug|Any CPU.Build.0 = Debug|Any CPU
		{CB9984DB-539B-42B2-87B3-1439DD8A6CF0}.Release|Any CPU.ActiveCfg = Release|Any CPU
		{CB9984DB-539B-42B2-87B3-1439DD8A6CF0}.Release|Any CPU.Build.0 = Release|Any CPU
	EndGlobalSection
	GlobalSection(SolutionProperties) = preSolution
		HideSolutionNode = FALSE
	EndGlobalSection
	GlobalSection(ExtensibilityGlobals) = postSolution
		SolutionGuid = {698D2189-E755-41C0-A489-D367C93A0173}
	EndGlobalSection
EndGlobal
